
Microsoft Visual Studio Solution File, Format Version 12.00
# Visual Studio Version 17
VisualStudioVersion = 17.11.35312.102
MinimumVisualStudioVersion = 10.0.40219.1
Project("{FAE04EC0-301F-11D3-BF4B-00C04F79EFBC}") = "InterfaceExersare", "InterfaceExersare\InterfaceExersare.csproj", "{2D30E89D-EA7C-4635-BA52-B62E7ED4C39C}"
EndProject
Global
	GlobalSection(SolutionConfigurationPlatforms) = preSolution
		Debug|Any CPU = Debug|Any CPU
		Release|Any CPU = Release|Any CPU
	EndGlobalSection
	GlobalSection(ProjectConfigurationPlatforms) = postSolution
		{2D30E89D-EA7C-4635-BA52-B62E7ED4C39C}.Debug|Any CPU.ActiveCfg = Debug|Any CPU
		{2D30E89D-EA7C-4635-BA52-B62E7ED4C39C}.Debug|Any CPU.Build.0 = Debug|Any CPU
		{2D30E89D-EA7C-4635-BA52-B62E7ED4C39C}.Release|Any CPU.ActiveCfg = Release|Any CPU
		{2D30E89D-EA7C-4635-BA52-B62E7ED4C39C}.Release|Any CPU.Build.0 = Release|Any CPU
	EndGlobalSection
	GlobalSection(SolutionProperties) = preSolution
		HideSolutionNode = FALSE
	EndGlobalSection
	GlobalSection(ExtensibilityGlobals) = postSolution
		SolutionGuid = {E0D9935D-643E-49F0-BBB1-6BFFC6BE92F9}
	EndGlobalSection
EndGlobal
